
Microsoft Visual Studio Solution File, Format Version 12.00
# Visual Studio Version 17
VisualStudioVersion = 17.5.33424.131
MinimumVisualStudioVersion = 10.0.40219.1
Project("{2150E333-8FDC-42A3-9474-1A3956D46DE8}") = "Solution Items", "Solution Items", "{12A558C2-35EF-4970-B9B1-BBE7C04B9A80}"
	ProjectSection(SolutionItems) = preProject
		.dockerignore = .dockerignore
		.editorconfig = .editorconfig
		Dockerfile = Dockerfile
	EndProjectSection
EndProject
Project("{9A19103F-16F7-4668-BE54-9A1E7A4F7556}") = "BucketOfThoughts.FileService", "BucketOfThoughts.FileService\BucketOfThoughts.FileService.csproj", "{EBDD65FB-6103-4438-8674-6AFD8F67AA42}"
EndProject
Project("{9A19103F-16F7-4668-BE54-9A1E7A4F7556}") = "BucketOfThoughts.Imports", "BucketOfThoughts.Import\BucketOfThoughts.Imports.csproj", "{29D81B8E-A91C-4407-9BAB-422319549BA9}"
EndProject
Project("{9A19103F-16F7-4668-BE54-9A1E7A4F7556}") = "BucketOfThoughts.Core.Infrastructure", "BucketOfThoughts.Core.Infrastructure\BucketOfThoughts.Core.Infrastructure.csproj", "{2E86B588-AD29-48CB-BF20-115B8025E705}"
EndProject
Project("{9A19103F-16F7-4668-BE54-9A1E7A4F7556}") = "BucketOfThoughts.Services.Thoughts", "BucketOfThoughts.Services.Thoughts\BucketOfThoughts.Services.Thoughts.csproj", "{85506955-5714-460D-9B1C-32935B7715B0}"
EndProject
Project("{9A19103F-16F7-4668-BE54-9A1E7A4F7556}") = "BucketOfThoughts.Api.Handlers", "BucketOfThoughts.Api.Handlers\BucketOfThoughts.Api.Handlers.csproj", "{34AD3BE3-BC99-4BE6-AAB5-CDB8654D37F1}"
EndProject
Project("{9A19103F-16F7-4668-BE54-9A1E7A4F7556}") = "BucketOfThoughts.Services.Languages", "BucketOfThoughts.Services.Languages\BucketOfThoughts.Services.Languages.csproj", "{880EAD2E-0427-4A47-9918-320FDD26DF33}"
EndProject
Project("{FAE04EC0-301F-11D3-BF4B-00C04F79EFBC}") = "BucketOfThoughts.Service.Dashboards", "BucketOfThoughts.Service.Dashboards\BucketOfThoughts.Service.Dashboards.csproj", "{4A527CF0-F501-42AC-9582-962076931C15}"
EndProject
Global
	GlobalSection(SolutionConfigurationPlatforms) = preSolution
		Debug|Any CPU = Debug|Any CPU
		Release|Any CPU = Release|Any CPU
	EndGlobalSection
	GlobalSection(ProjectConfigurationPlatforms) = postSolution
		{EBDD65FB-6103-4438-8674-6AFD8F67AA42}.Debug|Any CPU.ActiveCfg = Debug|Any CPU
		{EBDD65FB-6103-4438-8674-6AFD8F67AA42}.Debug|Any CPU.Build.0 = Debug|Any CPU
		{EBDD65FB-6103-4438-8674-6AFD8F67AA42}.Release|Any CPU.ActiveCfg = Release|Any CPU
		{EBDD65FB-6103-4438-8674-6AFD8F67AA42}.Release|Any CPU.Build.0 = Release|Any CPU
		{29D81B8E-A91C-4407-9BAB-422319549BA9}.Debug|Any CPU.ActiveCfg = Debug|Any CPU
		{29D81B8E-A91C-4407-9BAB-422319549BA9}.Debug|Any CPU.Build.0 = Debug|Any CPU
		{29D81B8E-A91C-4407-9BAB-422319549BA9}.Release|Any CPU.ActiveCfg = Release|Any CPU
		{29D81B8E-A91C-4407-9BAB-422319549BA9}.Release|Any CPU.Build.0 = Release|Any CPU
		{2E86B588-AD29-48CB-BF20-115B8025E705}.Debug|Any CPU.ActiveCfg = Debug|Any CPU
		{2E86B588-AD29-48CB-BF20-115B8025E705}.Debug|Any CPU.Build.0 = Debug|Any CPU
		{2E86B588-AD29-48CB-BF20-115B8025E705}.Release|Any CPU.ActiveCfg = Release|Any CPU
		{2E86B588-AD29-48CB-BF20-115B8025E705}.Release|Any CPU.Build.0 = Release|Any CPU
		{85506955-5714-460D-9B1C-32935B7715B0}.Debug|Any CPU.ActiveCfg = Debug|Any CPU
		{85506955-5714-460D-9B1C-32935B7715B0}.Debug|Any CPU.Build.0 = Debug|Any CPU
		{85506955-5714-460D-9B1C-32935B7715B0}.Release|Any CPU.ActiveCfg = Release|Any CPU
		{85506955-5714-460D-9B1C-32935B7715B0}.Release|Any CPU.Build.0 = Release|Any CPU
		{34AD3BE3-BC99-4BE6-AAB5-CDB8654D37F1}.Debug|Any CPU.ActiveCfg = Debug|Any CPU
		{34AD3BE3-BC99-4BE6-AAB5-CDB8654D37F1}.Debug|Any CPU.Build.0 = Debug|Any CPU
		{34AD3BE3-BC99-4BE6-AAB5-CDB8654D37F1}.Release|Any CPU.ActiveCfg = Release|Any CPU
		{34AD3BE3-BC99-4BE6-AAB5-CDB8654D37F1}.Release|Any CPU.Build.0 = Release|Any CPU
		{880EAD2E-0427-4A47-9918-320FDD26DF33}.Debug|Any CPU.ActiveCfg = Debug|Any CPU
		{880EAD2E-0427-4A47-9918-320FDD26DF33}.Debug|Any CPU.Build.0 = Debug|Any CPU
		{880EAD2E-0427-4A47-9918-320FDD26DF33}.Release|Any CPU.ActiveCfg = Release|Any CPU
		{880EAD2E-0427-4A47-9918-320FDD26DF33}.Release|Any CPU.Build.0 = Release|Any CPU
		{4A527CF0-F501-42AC-9582-962076931C15}.Debug|Any CPU.ActiveCfg = Debug|Any CPU
		{4A527CF0-F501-42AC-9582-962076931C15}.Debug|Any CPU.Build.0 = Debug|Any CPU
		{4A527CF0-F501-42AC-9582-962076931C15}.Release|Any CPU.ActiveCfg = Release|Any CPU
		{4A527CF0-F501-42AC-9582-962076931C15}.Release|Any CPU.Build.0 = Release|Any CPU
	EndGlobalSection
	GlobalSection(SolutionProperties) = preSolution
		HideSolutionNode = FALSE
	EndGlobalSection
	GlobalSection(ExtensibilityGlobals) = postSolution
		SolutionGuid = {6CEB989D-0855-402A-9E6F-401F9C2A1430}
	EndGlobalSection
EndGlobal
