
Microsoft Visual Studio Solution File, Format Version 12.00
# Visual Studio Version 17
VisualStudioVersion = 17.5.33424.131
MinimumVisualStudioVersion = 10.0.40219.1
Project("{9A19103F-16F7-4668-BE54-9A1E7A4F7556}") = "BucketOfThoughts.Api", "BucketOfThoughts.Api\BucketOfThoughts.Api.csproj", "{CEABE27E-D63C-4EF8-B707-4206DF2452AF}"
EndProject
Project("{9A19103F-16F7-4668-BE54-9A1E7A4F7556}") = "EnsenaMe.Data.SqlServer", "EnsenaMe.Data.SqlServer\EnsenaMe.Data.SqlServer.csproj", "{B56C904D-F6AA-49DF-8C1F-86BE4784AD47}"
EndProject
Project("{2150E333-8FDC-42A3-9474-1A3956D46DE8}") = "Solution Items", "Solution Items", "{12A558C2-35EF-4970-B9B1-BBE7C04B9A80}"
	ProjectSection(SolutionItems) = preProject
		.dockerignore = .dockerignore
		.editorconfig = .editorconfig
		Dockerfile = Dockerfile
	EndProjectSection
EndProject
Project("{9A19103F-16F7-4668-BE54-9A1E7A4F7556}") = "EnsenaMe.Data.MongoDB", "EnsenaMe.Data.MongoDB\EnsenaMe.Data.MongoDB.csproj", "{9DEB3807-D0ED-4D66-BEFE-2BD1376EAF8A}"
EndProject
Project("{9A19103F-16F7-4668-BE54-9A1E7A4F7556}") = "Common.Data.Objects", "Common.Data.Objects\Common.Data.Objects.csproj", "{0ECD25C3-4A2F-4A19-A468-A910532D4119}"
EndProject
Project("{9A19103F-16F7-4668-BE54-9A1E7A4F7556}") = "Thoughts.Data.SqlServer", "Thoughts.Data.SqlServer\Thoughts.Data.SqlServer.csproj", "{3B9DF3A4-D743-4468-8591-E926FCA3B7B7}"
EndProject
Project("{9A19103F-16F7-4668-BE54-9A1E7A4F7556}") = "Auth.Data.SqlServer", "Auth.Data.SqlServer\Auth.Data.SqlServer.csproj", "{26E074A8-288F-4341-8510-72AC6AFABAEA}"
EndProject
Project("{9A19103F-16F7-4668-BE54-9A1E7A4F7556}") = "BucketOfThoughts.FileService", "BucketOfThoughts.FileService\BucketOfThoughts.FileService.csproj", "{EBDD65FB-6103-4438-8674-6AFD8F67AA42}"
EndProject
Project("{9A19103F-16F7-4668-BE54-9A1E7A4F7556}") = "BucketOfThoughts.Imports", "BucketOfThoughts.Import\BucketOfThoughts.Imports.csproj", "{29D81B8E-A91C-4407-9BAB-422319549BA9}"
EndProject
Project("{9A19103F-16F7-4668-BE54-9A1E7A4F7556}") = "BucketOfThoughts.Services", "BucketOfThoughts.Services\BucketOfThoughts.Services.csproj", "{1CD1B21D-8B8C-4696-AC96-828236F7B078}"
EndProject
Project("{9A19103F-16F7-4668-BE54-9A1E7A4F7556}") = "BucketOfThoughts.Core.Infrastructure", "BucketOfThoughts.Core.Infrastructure\BucketOfThoughts.Core.Infrastructure.csproj", "{2E86B588-AD29-48CB-BF20-115B8025E705}"
EndProject
Project("{9A19103F-16F7-4668-BE54-9A1E7A4F7556}") = "BucketOfThoughts.Serverless", "BucketOfThoughts.Serverless\BucketOfThoughts.Serverless.csproj", "{A5468A25-784F-493C-AB0D-1E32FCEE10C3}"
EndProject
Global
	GlobalSection(SolutionConfigurationPlatforms) = preSolution
		Debug|Any CPU = Debug|Any CPU
		Release|Any CPU = Release|Any CPU
	EndGlobalSection
	GlobalSection(ProjectConfigurationPlatforms) = postSolution
		{CEABE27E-D63C-4EF8-B707-4206DF2452AF}.Debug|Any CPU.ActiveCfg = Debug|Any CPU
		{CEABE27E-D63C-4EF8-B707-4206DF2452AF}.Debug|Any CPU.Build.0 = Debug|Any CPU
		{CEABE27E-D63C-4EF8-B707-4206DF2452AF}.Release|Any CPU.ActiveCfg = Release|Any CPU
		{CEABE27E-D63C-4EF8-B707-4206DF2452AF}.Release|Any CPU.Build.0 = Release|Any CPU
		{B56C904D-F6AA-49DF-8C1F-86BE4784AD47}.Debug|Any CPU.ActiveCfg = Debug|Any CPU
		{B56C904D-F6AA-49DF-8C1F-86BE4784AD47}.Debug|Any CPU.Build.0 = Debug|Any CPU
		{B56C904D-F6AA-49DF-8C1F-86BE4784AD47}.Release|Any CPU.ActiveCfg = Release|Any CPU
		{B56C904D-F6AA-49DF-8C1F-86BE4784AD47}.Release|Any CPU.Build.0 = Release|Any CPU
		{9DEB3807-D0ED-4D66-BEFE-2BD1376EAF8A}.Debug|Any CPU.ActiveCfg = Debug|Any CPU
		{9DEB3807-D0ED-4D66-BEFE-2BD1376EAF8A}.Debug|Any CPU.Build.0 = Debug|Any CPU
		{9DEB3807-D0ED-4D66-BEFE-2BD1376EAF8A}.Release|Any CPU.ActiveCfg = Release|Any CPU
		{9DEB3807-D0ED-4D66-BEFE-2BD1376EAF8A}.Release|Any CPU.Build.0 = Release|Any CPU
		{0ECD25C3-4A2F-4A19-A468-A910532D4119}.Debug|Any CPU.ActiveCfg = Debug|Any CPU
		{0ECD25C3-4A2F-4A19-A468-A910532D4119}.Debug|Any CPU.Build.0 = Debug|Any CPU
		{0ECD25C3-4A2F-4A19-A468-A910532D4119}.Release|Any CPU.ActiveCfg = Release|Any CPU
		{0ECD25C3-4A2F-4A19-A468-A910532D4119}.Release|Any CPU.Build.0 = Release|Any CPU
		{3B9DF3A4-D743-4468-8591-E926FCA3B7B7}.Debug|Any CPU.ActiveCfg = Debug|Any CPU
		{3B9DF3A4-D743-4468-8591-E926FCA3B7B7}.Debug|Any CPU.Build.0 = Debug|Any CPU
		{3B9DF3A4-D743-4468-8591-E926FCA3B7B7}.Release|Any CPU.ActiveCfg = Release|Any CPU
		{3B9DF3A4-D743-4468-8591-E926FCA3B7B7}.Release|Any CPU.Build.0 = Release|Any CPU
		{26E074A8-288F-4341-8510-72AC6AFABAEA}.Debug|Any CPU.ActiveCfg = Debug|Any CPU
		{26E074A8-288F-4341-8510-72AC6AFABAEA}.Debug|Any CPU.Build.0 = Debug|Any CPU
		{26E074A8-288F-4341-8510-72AC6AFABAEA}.Release|Any CPU.ActiveCfg = Release|Any CPU
		{26E074A8-288F-4341-8510-72AC6AFABAEA}.Release|Any CPU.Build.0 = Release|Any CPU
		{EBDD65FB-6103-4438-8674-6AFD8F67AA42}.Debug|Any CPU.ActiveCfg = Debug|Any CPU
		{EBDD65FB-6103-4438-8674-6AFD8F67AA42}.Debug|Any CPU.Build.0 = Debug|Any CPU
		{EBDD65FB-6103-4438-8674-6AFD8F67AA42}.Release|Any CPU.ActiveCfg = Release|Any CPU
		{EBDD65FB-6103-4438-8674-6AFD8F67AA42}.Release|Any CPU.Build.0 = Release|Any CPU
		{29D81B8E-A91C-4407-9BAB-422319549BA9}.Debug|Any CPU.ActiveCfg = Debug|Any CPU
		{29D81B8E-A91C-4407-9BAB-422319549BA9}.Debug|Any CPU.Build.0 = Debug|Any CPU
		{29D81B8E-A91C-4407-9BAB-422319549BA9}.Release|Any CPU.ActiveCfg = Release|Any CPU
		{29D81B8E-A91C-4407-9BAB-422319549BA9}.Release|Any CPU.Build.0 = Release|Any CPU
		{1CD1B21D-8B8C-4696-AC96-828236F7B078}.Debug|Any CPU.ActiveCfg = Debug|Any CPU
		{1CD1B21D-8B8C-4696-AC96-828236F7B078}.Debug|Any CPU.Build.0 = Debug|Any CPU
		{1CD1B21D-8B8C-4696-AC96-828236F7B078}.Release|Any CPU.ActiveCfg = Release|Any CPU
		{1CD1B21D-8B8C-4696-AC96-828236F7B078}.Release|Any CPU.Build.0 = Release|Any CPU
		{2E86B588-AD29-48CB-BF20-115B8025E705}.Debug|Any CPU.ActiveCfg = Debug|Any CPU
		{2E86B588-AD29-48CB-BF20-115B8025E705}.Debug|Any CPU.Build.0 = Debug|Any CPU
		{2E86B588-AD29-48CB-BF20-115B8025E705}.Release|Any CPU.ActiveCfg = Release|Any CPU
		{2E86B588-AD29-48CB-BF20-115B8025E705}.Release|Any CPU.Build.0 = Release|Any CPU
		{A5468A25-784F-493C-AB0D-1E32FCEE10C3}.Debug|Any CPU.ActiveCfg = Debug|Any CPU
		{A5468A25-784F-493C-AB0D-1E32FCEE10C3}.Debug|Any CPU.Build.0 = Debug|Any CPU
		{A5468A25-784F-493C-AB0D-1E32FCEE10C3}.Release|Any CPU.ActiveCfg = Release|Any CPU
		{A5468A25-784F-493C-AB0D-1E32FCEE10C3}.Release|Any CPU.Build.0 = Release|Any CPU
	EndGlobalSection
	GlobalSection(SolutionProperties) = preSolution
		HideSolutionNode = FALSE
	EndGlobalSection
	GlobalSection(ExtensibilityGlobals) = postSolution
		SolutionGuid = {6CEB989D-0855-402A-9E6F-401F9C2A1430}
	EndGlobalSection
EndGlobal
